
Microsoft Visual Studio Solution File, Format Version 12.00
# Visual Studio Version 16
VisualStudioVersion = 16.0.31112.23
MinimumVisualStudioVersion = 10.0.40219.1
Project("{FAE04EC0-301F-11D3-BF4B-00C04F79EFBC}") = "MaturitaASP", "MaturitaASP\MaturitaASP.csproj", "{CD19C576-4055-4155-8F1C-671031079F1C}"
EndProject
Global
	GlobalSection(SolutionConfigurationPlatforms) = preSolution
		Debug|Any CPU = Debug|Any CPU
		Release|Any CPU = Release|Any CPU
	EndGlobalSection
	GlobalSection(ProjectConfigurationPlatforms) = postSolution
		{CD19C576-4055-4155-8F1C-671031079F1C}.Debug|Any CPU.ActiveCfg = Debug|Any CPU
		{CD19C576-4055-4155-8F1C-671031079F1C}.Debug|Any CPU.Build.0 = Debug|Any CPU
		{CD19C576-4055-4155-8F1C-671031079F1C}.Release|Any CPU.ActiveCfg = Release|Any CPU
		{CD19C576-4055-4155-8F1C-671031079F1C}.Release|Any CPU.Build.0 = Release|Any CPU
	EndGlobalSection
	GlobalSection(SolutionProperties) = preSolution
		HideSolutionNode = FALSE
	EndGlobalSection
	GlobalSection(ExtensibilityGlobals) = postSolution
		SolutionGuid = {FBED354E-4897-4273-962A-DFD0E35F981D}
	EndGlobalSection
EndGlobal
